
Microsoft Visual Studio Solution File, Format Version 12.00
# Visual Studio Version 16
VisualStudioVersion = 16.0.31911.196
MinimumVisualStudioVersion = 10.0.40219.1
Project("{FAE04EC0-301F-11D3-BF4B-00C04F79EFBC}") = "MRA", "MRA\MRA.csproj", "{C718B3AB-3494-46A6-BA51-26699EABDBCC}"
EndProject
Project("{FAE04EC0-301F-11D3-BF4B-00C04F79EFBC}") = "MRA1", "MRA1\MRA1.csproj", "{F14E4452-84C9-4A8D-8CD2-CFD981208A96}"
EndProject
Global
	GlobalSection(SolutionConfigurationPlatforms) = preSolution
		Debug|Any CPU = Debug|Any CPU
		Release|Any CPU = Release|Any CPU
	EndGlobalSection
	GlobalSection(ProjectConfigurationPlatforms) = postSolution
		{C718B3AB-3494-46A6-BA51-26699EABDBCC}.Debug|Any CPU.ActiveCfg = Debug|Any CPU
		{C718B3AB-3494-46A6-BA51-26699EABDBCC}.Debug|Any CPU.Build.0 = Debug|Any CPU
		{C718B3AB-3494-46A6-BA51-26699EABDBCC}.Release|Any CPU.ActiveCfg = Release|Any CPU
		{C718B3AB-3494-46A6-BA51-26699EABDBCC}.Release|Any CPU.Build.0 = Release|Any CPU
		{F14E4452-84C9-4A8D-8CD2-CFD981208A96}.Debug|Any CPU.ActiveCfg = Debug|Any CPU
		{F14E4452-84C9-4A8D-8CD2-CFD981208A96}.Debug|Any CPU.Build.0 = Debug|Any CPU
		{F14E4452-84C9-4A8D-8CD2-CFD981208A96}.Release|Any CPU.ActiveCfg = Release|Any CPU
		{F14E4452-84C9-4A8D-8CD2-CFD981208A96}.Release|Any CPU.Build.0 = Release|Any CPU
	EndGlobalSection
	GlobalSection(SolutionProperties) = preSolution
		HideSolutionNode = FALSE
	EndGlobalSection
	GlobalSection(ExtensibilityGlobals) = postSolution
		SolutionGuid = {A7D98FB7-CAC8-48BA-A84F-69D0315C8283}
	EndGlobalSection
EndGlobal
